<Solution>
  <Folder Name="/src/" />
  <Folder Name="/src/clients/">
    <Project Path="src/clients/Concordat.Client/Concordat.Client.csproj" />
    <Project Path="src/clients/Concordat.RabbitMq/Concordat.RabbitMq.csproj" />
  </Folder>
  <Folder Name="/src/contracts/">
    <Project Path="src/contracts/Concordat.Contracts.Generators/Concordat.Contracts.Generators.csproj" />
    <Project Path="src/contracts/Concordat.Contracts/Concordat.Contracts.csproj" />
  </Folder>
  <Folder Name="/src/core/">
    <Project Path="src/core/Concordat.Application/Concordat.Application.csproj" />
    <Project Path="src/core/Concordat.Domain/Concordat.Domain.csproj" />
    <Project Path="src/core/Concordat.Infrastructure/Concordat.Infrastructure.csproj" />
  </Folder>
  <Folder Name="/src/formats/">
    <Project Path="src/formats/Concordat.Formats.Abstractions/Concordat.Formats.Abstractions.csproj" />
    <Project Path="src/formats/Concordat.Formats.Avro/Concordat.Formats.Avro.csproj" />
    <Project Path="src/formats/Concordat.Formats.Json/Concordat.Formats.Json.csproj" />
    <Project Path="src/formats/Concordat.Formats.Protobuf/Concordat.Formats.Protobuf.csproj" />
  </Folder>
  <Folder Name="/src/hosts/">
    <Project Path="src/hosts/Concordat.Api/Concordat.Api.csproj" />
    <Project Path="src/hosts/Concordat.Migrator/Concordat.Migrator.csproj" />
  </Folder>
  <Folder Name="/src/tools/">
    <Project Path="src/tools/Concordat.Cli/Concordat.Cli.csproj" />
  </Folder>
  <Folder Name="/tests/">
    <Project Path="tests/Concordat.Api.IntegrationTests/Concordat.Api.IntegrationTests.csproj" />
    <Project Path="tests/Concordat.Application.Tests/Concordat.Application.Tests.csproj" />
    <Project Path="tests/Concordat.Cli.Tests/Concordat.Cli.Tests.csproj" />
    <Project Path="tests/Concordat.Client.Tests/Concordat.Client.Tests.csproj" />
    <Project Path="tests/Concordat.Conformance/Concordat.Conformance.csproj" />
    <Project Path="tests/Concordat.Contracts.Tests/Concordat.Contracts.Tests.csproj" />
    <Project Path="tests/Concordat.Domain.Tests/Concordat.Domain.Tests.csproj" />
    <Project Path="tests/Concordat.EndToEnd/Concordat.EndToEnd.csproj" />
    <Project Path="tests/Concordat.Formats.Avro.Tests/Concordat.Formats.Avro.Tests.csproj" />
    <Project Path="tests/Concordat.Formats.Json.Tests/Concordat.Formats.Json.Tests.csproj" />
    <Project Path="tests/Concordat.Formats.Protobuf.Tests/Concordat.Formats.Protobuf.Tests.csproj" />
    <Project Path="tests/Concordat.HeaderSurvival/Concordat.HeaderSurvival.csproj" />
    <Project Path="tests/Concordat.RabbitMq.Tests/Concordat.RabbitMq.Tests.csproj" />
  </Folder>
</Solution>
